
Microsoft Visual Studio Solution File, Format Version 12.00
# Visual Studio Version 16
VisualStudioVersion = 16.0.28621.142
MinimumVisualStudioVersion = 10.0.40219.1
Project("{FAE04EC0-301F-11D3-BF4B-00C04F79EFBC}") = "ScryfallJsonParser", "ScryfallJsonParser\ScryfallJsonParser.csproj", "{F340CDE8-B4CF-47DD-8C67-0DDBE9016C9B}"
EndProject
Project("{FAE04EC0-301F-11D3-BF4B-00C04F79EFBC}") = "ScryfallDownloader", "ScryfallDownloader\ScryfallDownloader.csproj", "{4629EA3B-0739-427E-BE5D-B4AA5B7584F4}"
EndProject
Global
	GlobalSection(SolutionConfigurationPlatforms) = preSolution
		Debug|Any CPU = Debug|Any CPU
		Release|Any CPU = Release|Any CPU
	EndGlobalSection
	GlobalSection(ProjectConfigurationPlatforms) = postSolution
		{F340CDE8-B4CF-47DD-8C67-0DDBE9016C9B}.Debug|Any CPU.ActiveCfg = Debug|Any CPU
		{F340CDE8-B4CF-47DD-8C67-0DDBE9016C9B}.Debug|Any CPU.Build.0 = Debug|Any CPU
		{F340CDE8-B4CF-47DD-8C67-0DDBE9016C9B}.Release|Any CPU.ActiveCfg = Release|Any CPU
		{F340CDE8-B4CF-47DD-8C67-0DDBE9016C9B}.Release|Any CPU.Build.0 = Release|Any CPU
		{4629EA3B-0739-427E-BE5D-B4AA5B7584F4}.Debug|Any CPU.ActiveCfg = Debug|Any CPU
		{4629EA3B-0739-427E-BE5D-B4AA5B7584F4}.Debug|Any CPU.Build.0 = Debug|Any CPU
		{4629EA3B-0739-427E-BE5D-B4AA5B7584F4}.Release|Any CPU.ActiveCfg = Release|Any CPU
		{4629EA3B-0739-427E-BE5D-B4AA5B7584F4}.Release|Any CPU.Build.0 = Release|Any CPU
	EndGlobalSection
	GlobalSection(SolutionProperties) = preSolution
		HideSolutionNode = FALSE
	EndGlobalSection
	GlobalSection(ExtensibilityGlobals) = postSolution
		SolutionGuid = {168F9D6D-68B5-480A-96FE-50A48BA075B2}
	EndGlobalSection
EndGlobal
